
Microsoft Visual Studio Solution File, Format Version 12.00
# Visual Studio Version 16
VisualStudioVersion = 16.0.31129.286
MinimumVisualStudioVersion = 10.0.40219.1
Project("{FAE04EC0-301F-11D3-BF4B-00C04F79EFBC}") = "ProjectBD", "ProjectBD\ProjectBD.csproj", "{44536162-12D3-43B8-A78C-D26F4D662FB9}"
EndProject
Project("{2150E333-8FDC-42A3-9474-1A3956D46DE8}") = "Solution Items", "Solution Items", "{E54B53F9-C118-4661-9517-EB09C5BCBA26}"
	ProjectSection(SolutionItems) = preProject
		..\20211231_151013.jpg = ..\20211231_151013.jpg
	EndProjectSection
EndProject
Global
	GlobalSection(SolutionConfigurationPlatforms) = preSolution
		Debug|Any CPU = Debug|Any CPU
		Release|Any CPU = Release|Any CPU
	EndGlobalSection
	GlobalSection(ProjectConfigurationPlatforms) = postSolution
		{44536162-12D3-43B8-A78C-D26F4D662FB9}.Debug|Any CPU.ActiveCfg = Debug|Any CPU
		{44536162-12D3-43B8-A78C-D26F4D662FB9}.Debug|Any CPU.Build.0 = Debug|Any CPU
		{44536162-12D3-43B8-A78C-D26F4D662FB9}.Release|Any CPU.ActiveCfg = Release|Any CPU
		{44536162-12D3-43B8-A78C-D26F4D662FB9}.Release|Any CPU.Build.0 = Release|Any CPU
	EndGlobalSection
	GlobalSection(SolutionProperties) = preSolution
		HideSolutionNode = FALSE
	EndGlobalSection
	GlobalSection(ExtensibilityGlobals) = postSolution
		SolutionGuid = {A4D6DE99-F802-44E4-BDCE-4D71D0FB3005}
	EndGlobalSection
EndGlobal
